// !$*UTF8*$!
{
	archiveVersion = 1;
	classes = {
	};
	objectVersion = 48;
	objects = {

/* Begin PBXBuildFile section */
		53EBEAB42105E35100548B09 /* AppDelegate.swift in Sources */ = {isa = PBXBuildFile; fileRef = 53EBEAB32105E35100548B09 /* AppDelegate.swift */; };
		53EBEAB62105E35100548B09 /* ViewController.swift in Sources */ = {isa = PBXBuildFile; fileRef = 53EBEAB52105E35100548B09 /* ViewController.swift */; };
		53EBEAB92105E35100548B09 /* Main.storyboard in Resources */ = {isa = PBXBuildFile; fileRef = 53EBEAB72105E35100548B09 /* Main.storyboard */; };
		53EBEABB2105E35100548B09 /* Assets.xcassets in Resources */ = {isa = PBXBuildFile; fileRef = 53EBEABA2105E35100548B09 /* Assets.xcassets */; };
		53EBEABE2105E35100548B09 /* LaunchScreen.storyboard in Resources */ = {isa = PBXBuildFile; fileRef = 53EBEABC2105E35100548B09 /* LaunchScreen.storyboard */; };
		53EBEAC92105E35100548B09 /* joachimPlayerTests.swift in Sources */ = {isa = PBXBuildFile; fileRef = 53EBEAC82105E35100548B09 /* joachimPlayerTests.swift */; };
		53EBEAD42105E35100548B09 /* joachimPlayerUITests.swift in Sources */ = {isa = PBXBuildFile; fileRef = 53EBEAD32105E35100548B09 /* joachimPlayerUITests.swift */; };
/* End PBXBuildFile section */

/* Begin PBXContainerItemProxy section */
		53EBEAC52105E35100548B09 /* PBXContainerItemProxy */ = {
			isa = PBXContainerItemProxy;
			containerPortal = 53EBEAA82105E35100548B09 /* Project object */;
			proxyType = 1;
			remoteGlobalIDString = 53EBEAAF2105E35100548B09;
			remoteInfo = joachimPlayer;
		};
		53EBEAD02105E35100548B09 /* PBXContainerItemProxy */ = {
			isa = PBXContainerItemProxy;
			containerPortal = 53EBEAA82105E35100548B09 /* Project object */;
			proxyType = 1;
			remoteGlobalIDString = 53EBEAAF2105E35100548B09;
			remoteInfo = joachimPlayer;
		};
/* End PBXContainerItemProxy section */

/* Begin PBXFileReference section */
		53EBEAB02105E35100548B09 /* joachimPlayer.app */ = {isa = PBXFileReference; explicitFileType = wrapper.application; includeInIndex = 0; path = joachimPlayer.app; sourceTree = BUILT_PRODUCTS_DIR; };
		53EBEAB32105E35100548B09 /* AppDelegate.swift */ = {isa = PBXFileReference; lastKnownFileType = sourcecode.swift; path = AppDelegate.swift; sourceTree = "<group>"; };
		53EBEAB52105E35100548B09 /* ViewController.swift */ = {isa = PBXFileReference; lastKnownFileType = sourcecode.swift; path = ViewController.swift; sourceTree = "<group>"; };
		53EBEAB82105E35100548B09 /* Base */ = {isa = PBXFileReference; lastKnownFileType = file.storyboard; name = Base; path = Base.lproj/Main.storyboard; sourceTree = "<group>"; };
		53EBEABA2105E35100548B09 /* Assets.xcassets */ = {isa = PBXFileReference; lastKnownFileType = folder.assetcatalog; path = Assets.xcassets; sourceTree = "<group>"; };
		53EBEABD2105E35100548B09 /* Base */ = {isa = PBXFileReference; lastKnownFileType = file.storyboard; name = Base; path = Base.lproj/LaunchScreen.storyboard; sourceTree = "<group>"; };
		53EBEABF2105E35100548B09 /* Info.plist */ = {isa = PBXFileReference; lastKnownFileType = text.plist.xml; path = Info.plist; sourceTree = "<group>"; };
		53EBEAC42105E35100548B09 /* joachimPlayerTests.xctest */ = {isa = PBXFileReference; explicitFileType = wrapper.cfbundle; includeInIndex = 0; path = joachimPlayerTests.xctest; sourceTree = BUILT_PRODUCTS_DIR; };
		53EBEAC82105E35100548B09 /* joachimPlayerTests.swift */ = {isa = PBXFileReference; lastKnownFileType = sourcecode.swift; path = joachimPlayerTests.swift; sourceTree = "<group>"; };
		53EBEACA2105E35100548B09 /* Info.plist */ = {isa = PBXFileReference; lastKnownFileType = text.plist.xml; path = Info.plist; sourceTree = "<group>"; };
		53EBEACF2105E35100548B09 /* joachimPlayerUITests.xctest */ = {isa = PBXFileReference; explicitFileType = wrapper.cfbundle; includeInIndex = 0; path = joachimPlayerUITests.xctest; sourceTree = BUILT_PRODUCTS_DIR; };
		53EBEAD32105E35100548B09 /* joachimPlayerUITests.swift */ = {isa = PBXFileReference; lastKnownFileType = sourcecode.swift; path = joachimPlayerUITests.swift; sourceTree = "<group>"; };
		53EBEAD52105E35100548B09 /* Info.plist */ = {isa = PBXFileReference; lastKnownFileType = text.plist.xml; path = Info.plist; sourceTree = "<group>"; };
/* End PBXFileReference section */

/* Begin PBXFrameworksBuildPhase section */
		53EBEAAD2105E35100548B09 /* Frameworks */ = {
			isa = PBXFrameworksBuildPhase;
			buildActionMask = 2147483647;
			files = (
			);
			runOnlyForDeploymentPostprocessing = 0;
		};
		53EBEAC12105E35100548B09 /* Frameworks */ = {
			isa = PBXFrameworksBuildPhase;
			buildActionMask = 2147483647;
			files = (
			);
			runOnlyForDeploymentPostprocessing = 0;
		};
		53EBEACC2105E35100548B09 /* Frameworks */ = {
			isa = PBXFrameworksBuildPhase;
			buildActionMask = 2147483647;
			files = (
			);
			runOnlyForDeploymentPostprocessing = 0;
		};
/* End PBXFrameworksBuildPhase section */

/* Begin PBXGroup section */
		53EBEAA72105E35100548B09 = {
			isa = PBXGroup;
			children = (
				53EBEAB22105E35100548B09 /* joachimPlayer */,
				53EBEAC72105E35100548B09 /* joachimPlayerTests */,
				53EBEAD22105E35100548B09 /* joachimPlayerUITests */,
				53EBEAB12105E35100548B09 /* Products */,
			);
			sourceTree = "<group>";
		};
		53EBEAB12105E35100548B09 /* Products */ = {
			isa = PBXGroup;
			children = (
				53EBEAB02105E35100548B09 /* joachimPlayer.app */,
				53EBEAC42105E35100548B09 /* joachimPlayerTests.xctest */,
				53EBEACF2105E35100548B09 /* joachimPlayerUITests.xctest */,
			);
			name = Products;
			sourceTree = "<group>";
		};
		53EBEAB22105E35100548B09 /* joachimPlayer */ = {
			isa = PBXGroup;
			children = (
				53EBEAB32105E35100548B09 /* AppDelegate.swift */,
				53EBEAB52105E35100548B09 /* ViewController.swift */,
				53EBEAB72105E35100548B09 /* Main.storyboard */,
				53EBEABA2105E35100548B09 /* Assets.xcassets */,
				53EBEABC2105E35100548B09 /* LaunchScreen.storyboard */,
				53EBEABF2105E35100548B09 /* Info.plist */,
			);
			path = joachimPlayer;
			sourceTree = "<group>";
		};
		53EBEAC72105E35100548B09 /* joachimPlayerTests */ = {
			isa = PBXGroup;
			children = (
				53EBEAC82105E35100548B09 /* joachimPlayerTests.swift */,
				53EBEACA2105E35100548B09 /* Info.plist */,
			);
			path = joachimPlayerTests;
			sourceTree = "<group>";
		};
		53EBEAD22105E35100548B09 /* joachimPlayerUITests */ = {
			isa = PBXGroup;
			children = (
				53EBEAD32105E35100548B09 /* joachimPlayerUITests.swift */,
				53EBEAD52105E35100548B09 /* Info.plist */,
			);
			path = joachimPlayerUITests;
			sourceTree = "<group>";
		};
/* End PBXGroup section */

/* Begin PBXNativeTarget section */
		53EBEAAF2105E35100548B09 /* joachimPlayer */ = {
			isa = PBXNativeTarget;
			buildConfigurationList = 53EBEAD82105E35100548B09 /* Build configuration list for PBXNativeTarget "joachimPlayer" */;
			buildPhases = (
				53EBEAAC2105E35100548B09 /* Sources */,
				53EBEAAD2105E35100548B09 /* Frameworks */,
				53EBEAAE2105E35100548B09 /* Resources */,
			);
			buildRules = (
			);
			dependencies = (
			);
			name = joachimPlayer;
			productName = joachimPlayer;
			productReference = 53EBEAB02105E35100548B09 /* joachimPlayer.app */;
			productType = "com.apple.product-type.application";
		};
		53EBEAC32105E35100548B09 /* joachimPlayerTests */ = {
			isa = PBXNativeTarget;
			buildConfigurationList = 53EBEADB2105E35100548B09 /* Build configuration list for PBXNativeTarget "joachimPlayerTests" */;
			buildPhases = (
				53EBEAC02105E35100548B09 /* Sources */,
				53EBEAC12105E35100548B09 /* Frameworks */,
				53EBEAC22105E35100548B09 /* Resources */,
			);
			buildRules = (
			);
			dependencies = (
				53EBEAC62105E35100548B09 /* PBXTargetDependency */,
			);
			name = joachimPlayerTests;
			productName = joachimPlayerTests;
			productReference = 53EBEAC42105E35100548B09 /* joachimPlayerTests.xctest */;
			productType = "com.apple.product-type.bundle.unit-test";
		};
		53EBEACE2105E35100548B09 /* joachimPlayerUITests */ = {
			isa = PBXNativeTarget;
			buildConfigurationList = 53EBEADE2105E35100548B09 /* Build configuration list for PBXNativeTarget "joachimPlayerUITests" */;
			buildPhases = (
				53EBEACB2105E35100548B09 /* Sources */,
				53EBEACC2105E35100548B09 /* Frameworks */,
				53EBEACD2105E35100548B09 /* Resources */,
			);
			buildRules = (
			);
			dependencies = (
				53EBEAD12105E35100548B09 /* PBXTargetDependency */,
			);
			name = joachimPlayerUITests;
			productName = joachimPlayerUITests;
			productReference = 53EBEACF2105E35100548B09 /* joachimPlayerUITests.xctest */;
			productType = "com.apple.product-type.bundle.ui-testing";
		};
/* End PBXNativeTarget section */

/* Begin PBXProject section */
		53EBEAA82105E35100548B09 /* Project object */ = {
			isa = PBXProject;
			attributes = {
				LastSwiftUpdateCheck = 0920;
				LastUpgradeCheck = 0920;
				ORGANIZATIONNAME = "Rafael Schwarzenberger";
				TargetAttributes = {
					53EBEAAF2105E35100548B09 = {
						CreatedOnToolsVersion = 9.2;
						ProvisioningStyle = Automatic;
					};
					53EBEAC32105E35100548B09 = {
						CreatedOnToolsVersion = 9.2;
						ProvisioningStyle = Automatic;
						TestTargetID = 53EBEAAF2105E35100548B09;
					};
					53EBEACE2105E35100548B09 = {
						CreatedOnToolsVersion = 9.2;
						ProvisioningStyle = Automatic;
						TestTargetID = 53EBEAAF2105E35100548B09;
					};
				};
			};
			buildConfigurationList = 53EBEAAB2105E35100548B09 /* Build configuration list for PBXProject "joachimPlayer" */;
			compatibilityVersion = "Xcode 8.0";
			developmentRegion = en;
			hasScannedForEncodings = 0;
			knownRegions = (
				en,
				Base,
			);
			mainGroup = 53EBEAA72105E35100548B09;
			productRefGroup = 53EBEAB12105E35100548B09 /* Products */;
			projectDirPath = "";
			projectRoot = "";
			targets = (
				53EBEAAF2105E35100548B09 /* joachimPlayer */,
				53EBEAC32105E35100548B09 /* joachimPlayerTests */,
				53EBEACE2105E35100548B09 /* joachimPlayerUITests */,
			);
		};
/* End PBXProject section */

/* Begin PBXResourcesBuildPhase section */
		53EBEAAE2105E35100548B09 /* Resources */ = {
			isa = PBXResourcesBuildPhase;
			buildActionMask = 2147483647;
			files = (
				53EBEABE2105E35100548B09 /* LaunchScreen.storyboard in Resources */,
				53EBEABB2105E35100548B09 /* Assets.xcassets in Resources */,
				53EBEAB92105E35100548B09 /* Main.storyboard in Resources */,
			);
			runOnlyForDeploymentPostprocessing = 0;
		};
		53EBEAC22105E35100548B09 /* Resources */ = {
			isa = PBXResourcesBuildPhase;
			buildActionMask = 2147483647;
			files = (
			);
			runOnlyForDeploymentPostprocessing = 0;
		};
		53EBEACD2105E35100548B09 /* Resources */ = {
			isa = PBXResourcesBuildPhase;
			buildActionMask = 2147483647;
			files = (
			);
			runOnlyForDeploymentPostprocessing = 0;
		};
/* End PBXResourcesBuildPhase section */

/* Begin PBXSourcesBuildPhase section */
		53EBEAAC2105E35100548B09 /* Sources */ = {
			isa = PBXSourcesBuildPhase;
			buildActionMask = 2147483647;
			files = (
				53EBEAB62105E35100548B09 /* ViewController.swift in Sources */,
				53EBEAB42105E35100548B09 /* AppDelegate.swift in Sources */,
			);
			runOnlyForDeploymentPostprocessing = 0;
		};
		53EBEAC02105E35100548B09 /* Sources */ = {
			isa = PBXSourcesBuildPhase;
			buildActionMask = 2147483647;
			files = (
				53EBEAC92105E35100548B09 /* joachimPlayerTests.swift in Sources */,
			);
			runOnlyForDeploymentPostprocessing = 0;
		};
		53EBEACB2105E35100548B09 /* Sources */ = {
			isa = PBXSourcesBuildPhase;
			buildActionMask = 2147483647;
			files = (
				53EBEAD42105E35100548B09 /* joachimPlayerUITests.swift in Sources */,
			);
			runOnlyForDeploymentPostprocessing = 0;
		};
/* End PBXSourcesBuildPhase section */

/* Begin PBXTargetDependency section */
		53EBEAC62105E35100548B09 /* PBXTargetDependency */ = {
			isa = PBXTargetDependency;
			target = 53EBEAAF2105E35100548B09 /* joachimPlayer */;
			targetProxy = 53EBEAC52105E35100548B09 /* PBXContainerItemProxy */;
		};
		53EBEAD12105E35100548B09 /* PBXTargetDependency */ = {
			isa = PBXTargetDependency;
			target = 53EBEAAF2105E35100548B09 /* joachimPlayer */;
			targetProxy = 53EBEAD02105E35100548B09 /* PBXContainerItemProxy */;
		};
/* End PBXTargetDependency section */

/* Begin PBXVariantGroup section */
		53EBEAB72105E35100548B09 /* Main.storyboard */ = {
			isa = PBXVariantGroup;
			children = (
				53EBEAB82105E35100548B09 /* Base */,
			);
			name = Main.storyboard;
			sourceTree = "<group>";
		};
		53EBEABC2105E35100548B09 /* LaunchScreen.storyboard */ = {
			isa = PBXVariantGroup;
			children = (
				53EBEABD2105E35100548B09 /* Base */,
			);
			name = LaunchScreen.storyboard;
			sourceTree = "<group>";
		};
/* End PBXVariantGroup section */

/* Begin XCBuildConfiguration section */
		53EBEAD62105E35100548B09 /* Debug */ = {
			isa = XCBuildConfiguration;
			buildSettings = {
				ALWAYS_SEARCH_USER_PATHS = NO;
				CLANG_ANALYZER_NONNULL = YES;
				CLANG_ANALYZER_NUMBER_OBJECT_CONVERSION = YES_AGGRESSIVE;
				CLANG_CXX_LANGUAGE_STANDARD = "gnu++14";
				CLANG_CXX_LIBRARY = "libc++";
				CLANG_ENABLE_MODULES = YES;
				CLANG_ENABLE_OBJC_ARC = YES;
				CLANG_WARN_BLOCK_CAPTURE_AUTORELEASING = YES;
				CLANG_WARN_BOOL_CONVERSION = YES;
				CLANG_WARN_COMMA = YES;
				CLANG_WARN_CONSTANT_CONVERSION = YES;
				CLANG_WARN_DIRECT_OBJC_ISA_USAGE = YES_ERROR;
				CLANG_WARN_DOCUMENTATION_COMMENTS = YES;
				CLANG_WARN_EMPTY_BODY = YES;
				CLANG_WARN_ENUM_CONVERSION = YES;
				CLANG_WARN_INFINITE_RECURSION = YES;
				CLANG_WARN_INT_CONVERSION = YES;
				CLANG_WARN_NON_LITERAL_NULL_CONVERSION = YES;
				CLANG_WARN_OBJC_LITERAL_CONVERSION = YES;
				CLANG_WARN_OBJC_ROOT_CLASS = YES_ERROR;
				CLANG_WARN_RANGE_LOOP_ANALYSIS = YES;
				CLANG_WARN_STRICT_PROTOTYPES = YES;
				CLANG_WARN_SUSPICIOUS_MOVE = YES;
				CLANG_WARN_UNGUARDED_AVAILABILITY = YES_AGGRESSIVE;
				CLANG_WARN_UNREACHABLE_CODE = YES;
				CLANG_WARN__DUPLICATE_METHOD_MATCH = YES;
				CODE_SIGN_IDENTITY = "iPhone Developer";
				COPY_PHASE_STRIP = NO;
				DEBUG_INFORMATION_FORMAT = dwarf;
				ENABLE_STRICT_OBJC_MSGSEND = YES;
				ENABLE_TESTABILITY = YES;
				GCC_C_LANGUAGE_STANDARD = gnu11;
				GCC_DYNAMIC_NO_PIC = NO;
				GCC_NO_COMMON_BLOCKS = YES;
				GCC_OPTIMIZATION_LEVEL = 0;
				GCC_PREPROCESSOR_DEFINITIONS = (
					"DEBUG=1",
					"$(inherited)",
				);
				GCC_WARN_64_TO_32_BIT_CONVERSION = YES;
				GCC_WARN_ABOUT_RETURN_TYPE = YES_ERROR;
				GCC_WARN_UNDECLARED_SELECTOR = YES;
				GCC_WARN_UNINITIALIZED_AUTOS = YES_AGGRESSIVE;
				GCC_WARN_UNUSED_FUNCTION = YES;
				GCC_WARN_UNUSED_VARIABLE = YES;
				IPHONEOS_DEPLOYMENT_TARGET = 11.2;
				MTL_ENABLE_DEBUG_INFO = YES;
				ONLY_ACTIVE_ARCH = YES;
				SDKROOT = iphoneos;
				SWIFT_ACTIVE_COMPILATION_CONDITIONS = DEBUG;
				SWIFT_OPTIMIZATION_LEVEL = "-Onone";
			};
			name = Debug;
		};
		53EBEAD72105E35100548B09 /* Release */ = {
			isa = XCBuildConfiguration;
			buildSettings = {
				ALWAYS_SEARCH_USER_PATHS = NO;
				CLANG_ANALYZER_NONNULL = YES;
				CLANG_ANALYZER_NUMBER_OBJECT_CONVERSION = YES_AGGRESSIVE;
				CLANG_CXX_LANGUAGE_STANDARD = "gnu++14";
				CLANG_CXX_LIBRARY = "libc++";
				CLANG_ENABLE_MODULES = YES;
				CLANG_ENABLE_OBJC_ARC = YES;
				CLANG_WARN_BLOCK_CAPTURE_AUTORELEASING = YES;
				CLANG_WARN_BOOL_CONVERSION = YES;
				CLANG_WARN_COMMA = YES;
				CLANG_WARN_CONSTANT_CONVERSION = YES;
				CLANG_WARN_DIRECT_OBJC_ISA_USAGE = YES_ERROR;
				CLANG_WARN_DOCUMENTATION_COMMENTS = YES;
				CLANG_WARN_EMPTY_BODY = YES;
				CLANG_WARN_ENUM_CONVERSION = YES;
				CLANG_WARN_INFINITE_RECURSION = YES;
				CLANG_WARN_INT_CONVERSION = YES;
				CLANG_WARN_NON_LITERAL_NULL_CONVERSION = YES;
				CLANG_WARN_OBJC_LITERAL_CONVERSION = YES;
				CLANG_WARN_OBJC_ROOT_CLASS = YES_ERROR;
				CLANG_WARN_RANGE_LOOP_ANALYSIS = YES;
				CLANG_WARN_STRICT_PROTOTYPES = YES;
				CLANG_WARN_SUSPICIOUS_MOVE = YES;
				CLANG_WARN_UNGUARDED_AVAILABILITY = YES_AGGRESSIVE;
				CLANG_WARN_UNREACHABLE_CODE = YES;
				CLANG_WARN__DUPLICATE_METHOD_MATCH = YES;
				CODE_SIGN_IDENTITY = "iPhone Developer";
				COPY_PHASE_STRIP = NO;
				DEBUG_INFORMATION_FORMAT = "dwarf-with-dsym";
				ENABLE_NS_ASSERTIONS = NO;
				ENABLE_STRICT_OBJC_MSGSEND = YES;
				GCC_C_LANGUAGE_STANDARD = gnu11;
				GCC_NO_COMMON_BLOCKS = YES;
				GCC_WARN_64_TO_32_BIT_CONVERSION = YES;
				GCC_WARN_ABOUT_RETURN_TYPE = YES_ERROR;
				GCC_WARN_UNDECLARED_SELECTOR = YES;
				GCC_WARN_UNINITIALIZED_AUTOS = YES_AGGRESSIVE;
				GCC_WARN_UNUSED_FUNCTION = YES;
				GCC_WARN_UNUSED_VARIABLE = YES;
				IPHONEOS_DEPLOYMENT_TARGET = 11.2;
				MTL_ENABLE_DEBUG_INFO = NO;
				SDKROOT = iphoneos;
				SWIFT_OPTIMIZATION_LEVEL = "-Owholemodule";
				VALIDATE_PRODUCT = YES;
			};
			name = Release;
		};
		53EBEAD92105E35100548B09 /* Debug */ = {
			isa = XCBuildConfiguration;
			buildSettings = {
				ASSETCATALOG_COMPILER_APPICON_NAME = AppIcon;
				CODE_SIGN_STYLE = Automatic;
				INFOPLIST_FILE = joachimPlayer/Info.plist;
				LD_RUNPATH_SEARCH_PATHS = "$(inherited) @executable_path/Frameworks";
				PRODUCT_BUNDLE_IDENTIFIER = de.schwarzenberger.joachimPlayer;
				PRODUCT_NAME = "$(TARGET_NAME)";
				SWIFT_VERSION = 4.0;
				TARGETED_DEVICE_FAMILY = "1,2";
			};
			name = Debug;
		};
		53EBEADA2105E35100548B09 /* Release */ = {
			isa = XCBuildConfiguration;
			buildSettings = {
				ASSETCATALOG_COMPILER_APPICON_NAME = AppIcon;
				CODE_SIGN_STYLE = Automatic;
				INFOPLIST_FILE = joachimPlayer/Info.plist;
				LD_RUNPATH_SEARCH_PATHS = "$(inherited) @executable_path/Frameworks";
				PRODUCT_BUNDLE_IDENTIFIER = de.schwarzenberger.joachimPlayer;
				PRODUCT_NAME = "$(TARGET_NAME)";
				SWIFT_VERSION = 4.0;
				TARGETED_DEVICE_FAMILY = "1,2";
			};
			name = Release;
		};
		53EBEADC2105E35100548B09 /* Debug */ = {
			isa = XCBuildConfiguration;
			buildSettings = {
				ALWAYS_EMBED_SWIFT_STANDARD_LIBRARIES = YES;
				BUNDLE_LOADER = "$(TEST_HOST)";
				CODE_SIGN_STYLE = Automatic;
				INFOPLIST_FILE = joachimPlayerTests/Info.plist;
				LD_RUNPATH_SEARCH_PATHS = "$(inherited) @executable_path/Frameworks @loader_path/Frameworks";
				PRODUCT_BUNDLE_IDENTIFIER = de.schwarzenberger.joachimPlayerTests;
				PRODUCT_NAME = "$(TARGET_NAME)";
				SWIFT_VERSION = 4.0;
				TARGETED_DEVICE_FAMILY = "1,2";
				TEST_HOST = "$(BUILT_PRODUCTS_DIR)/joachimPlayer.app/joachimPlayer";
			};
			name = Debug;
		};
		53EBEADD2105E35100548B09 /* Release */ = {
			isa = XCBuildConfiguration;
			buildSettings = {
				ALWAYS_EMBED_SWIFT_STANDARD_LIBRARIES = YES;
				BUNDLE_LOADER = "$(TEST_HOST)";
				CODE_SIGN_STYLE = Automatic;
				INFOPLIST_FILE = joachimPlayerTests/Info.plist;
				LD_RUNPATH_SEARCH_PATHS = "$(inherited) @executable_path/Frameworks @loader_path/Frameworks";
				PRODUCT_BUNDLE_IDENTIFIER = de.schwarzenberger.joachimPlayerTests;
				PRODUCT_NAME = "$(TARGET_NAME)";
				SWIFT_VERSION = 4.0;
				TARGETED_DEVICE_FAMILY = "1,2";
				TEST_HOST = "$(BUILT_PRODUCTS_DIR)/joachimPlayer.app/joachimPlayer";
			};
			name = Release;
		};
		53EBEADF2105E35100548B09 /* Debug */ = {
			isa = XCBuildConfiguration;
			buildSettings = {
				ALWAYS_EMBED_SWIFT_STANDARD_LIBRARIES = YES;
				CODE_SIGN_STYLE = Automatic;
				INFOPLIST_FILE = joachimPlayerUITests/Info.plist;
				LD_RUNPATH_SEARCH_PATHS = "$(inherited) @executable_path/Frameworks @loader_path/Frameworks";
				PRODUCT_BUNDLE_IDENTIFIER = de.schwarzenberger.joachimPlayerUITests;
				PRODUCT_NAME = "$(TARGET_NAME)";
				SWIFT_VERSION = 4.0;
				TARGETED_DEVICE_FAMILY = "1,2";
				TEST_TARGET_NAME = joachimPlayer;
			};
			name = Debug;
		};
		53EBEAE02105E35100548B09 /* Release */ = {
			isa = XCBuildConfiguration;
			buildSettings = {
				ALWAYS_EMBED_SWIFT_STANDARD_LIBRARIES = YES;
				CODE_SIGN_STYLE = Automatic;
				INFOPLIST_FILE = joachimPlayerUITests/Info.plist;
				LD_RUNPATH_SEARCH_PATHS = "$(inherited) @executable_path/Frameworks @loader_path/Frameworks";
				PRODUCT_BUNDLE_IDENTIFIER = de.schwarzenberger.joachimPlayerUITests;
				PRODUCT_NAME = "$(TARGET_NAME)";
				SWIFT_VERSION = 4.0;
				TARGETED_DEVICE_FAMILY = "1,2";
				TEST_TARGET_NAME = joachimPlayer;
			};
			name = Release;
		};
/* End XCBuildConfiguration section */

/* Begin XCConfigurationList section */
		53EBEAAB2105E35100548B09 /* Build configuration list for PBXProject "joachimPlayer" */ = {
			isa = XCConfigurationList;
			buildConfigurations = (
				53EBEAD62105E35100548B09 /* Debug */,
				53EBEAD72105E35100548B09 /* Release */,
			);
			defaultConfigurationIsVisible = 0;
			defaultConfigurationName = Release;
		};
		53EBEAD82105E35100548B09 /* Build configuration list for PBXNativeTarget "joachimPlayer" */ = {
			isa = XCConfigurationList;
			buildConfigurations = (
				53EBEAD92105E35100548B09 /* Debug */,
				53EBEADA2105E35100548B09 /* Release */,
			);
			defaultConfigurationIsVisible = 0;
			defaultConfigurationName = Release;
		};
		53EBEADB2105E35100548B09 /* Build configuration list for PBXNativeTarget "joachimPlayerTests" */ = {
			isa = XCConfigurationList;
			buildConfigurations = (
				53EBEADC2105E35100548B09 /* Debug */,
				53EBEADD2105E35100548B09 /* Release */,
			);
			defaultConfigurationIsVisible = 0;
			defaultConfigurationName = Release;
		};
		53EBEADE2105E35100548B09 /* Build configuration list for PBXNativeTarget "joachimPlayerUITests" */ = {
			isa = XCConfigurationList;
			buildConfigurations = (
				53EBEADF2105E35100548B09 /* Debug */,
				53EBEAE02105E35100548B09 /* Release */,
			);
			defaultConfigurationIsVisible = 0;
			defaultConfigurationName = Release;
		};
/* End XCConfigurationList section */
	};
	rootObject = 53EBEAA82105E35100548B09 /* Project object */;
}
